github.com/SergeyMayorov/13.5 v1.0.0 h1:AiC+xHP/Fhkvew+rnTD3HMyKIRmkO9nRBHoctOeczD0=
github.com/SergeyMayorov/13.5 v1.0.0/go.mod h1:8CnDrpvcanGZkhAxOtk6w32TTv0HHM6mfNHYCOpSm+8=
github.com/SergeyMayorov/13.5 v1.1.0 h1:HZnszt4QPDAfoB8+T/UB+DQiDJkCujQ2VjrI8od/MdE=
github.com/SergeyMayorov/13.5 v1.1.0/go.mod h1:8CnDrpvcanGZkhAxOtk6w32TTv0HHM6mfNHYCOpSm+8=
github.com/SergeyMayorov/13.5/v2 v2.0.0 h1:CcXl+R6BRKOmHCWehSt9XqSj9FTmcX/4nYhsMYxHvqw=
github.com/SergeyMayorov/13.5/v2 v2.0.0/go.mod h1:3IoDauwjwIfHArtTvA6rIMqMyrOr20/c+i4vsNPezo4=
github.com/SergeyMayorov/13.5/v2 v2.1.0 h1:cLVr/RGo8b5pE0CeDAJHt23fbCQE1ONMur9qmsINvsk=
github.com/SergeyMayorov/13.5/v2 v2.1.0/go.mod h1:3IoDauwjwIfHArtTvA6rIMqMyrOr20/c+i4vsNPezo4=
