github.com/SergeyMayorov/10.4 v1.0.0 h1:5m3m0K0ynzJl2ftM4Ywb/a6mVGs7FQYAG3W9dTRCfpQ=
github.com/SergeyMayorov/10.4 v1.0.0/go.mod h1:h+jETNf+c5TgnjthCtUf38iGju4aG9T4NcWnriBDWbA=
github.com/SergeyMayorov/10.4 v1.1.0 h1:kcC1kDUBdHsv3dPYHnc8Y7weaotEkptnOJwC83ChZto=
github.com/SergeyMayorov/10.4 v1.1.0/go.mod h1:h+jETNf+c5TgnjthCtUf38iGju4aG9T4NcWnriBDWbA=
